
Microsoft Visual Studio Solution File, Format Version 12.00
# Visual Studio 15
VisualStudioVersion = 15.0.27428.2015
MinimumVisualStudioVersion = 10.0.40219.1
Project("{9A19103F-16F7-4668-BE54-9A1E7A4F7556}") = "SimpleCMS.App", "SimpleCMS.App\SimpleCMS.App.csproj", "{E73F5A1A-55E8-4436-ADE7-E741B2C4954D}"
EndProject
Project("{9A19103F-16F7-4668-BE54-9A1E7A4F7556}") = "SimpleCMS.Api", "SimpleCMS.Api\SimpleCMS.Api.csproj", "{124394CA-49FC-410D-8312-185869758F74}"
EndProject
Project("{9A19103F-16F7-4668-BE54-9A1E7A4F7556}") = "SimpleCMS.Auth", "SimpleCMS.Auth\SimpleCMS.Auth.csproj", "{B889BBAD-851E-44B9-9C5F-0FA288109E88}"
EndProject
Project("{9A19103F-16F7-4668-BE54-9A1E7A4F7556}") = "SimpleCMS.Data", "SimpleCMS.Data\SimpleCMS.Data.csproj", "{E1D88C6E-56B1-4240-8522-4476BEB33F7B}"
EndProject
Project("{9A19103F-16F7-4668-BE54-9A1E7A4F7556}") = "SimpleCMS.Business", "SimpleCMS.Business\SimpleCMS.Business.csproj", "{733A4837-2DE4-4180-BD48-797A54297FFC}"
EndProject
Project("{9A19103F-16F7-4668-BE54-9A1E7A4F7556}") = "SimpleCMS.Common", "SimpleCMS.Common\SimpleCMS.Common.csproj", "{BC31A1B5-6A8F-4ABE-A552-F520C0FE7876}"
EndProject
Project("{2150E333-8FDC-42A3-9474-1A3956D46DE8}") = "SimpleCMS.Tests", "SimpleCMS.Tests", "{D6446DB3-B059-4642-8C97-DBF4AE4EA471}"
EndProject
Project("{FAE04EC0-301F-11D3-BF4B-00C04F79EFBC}") = "SimpleCMS.Tests.Acceptance", "SimpleCMS.Tests\SimpleCMS.Tests.Acceptance\SimpleCMS.Tests.Acceptance.csproj", "{AC19E8CA-C23F-4DC2-81EB-4FCB5DB764A9}"
EndProject
Global
	GlobalSection(SolutionConfigurationPlatforms) = preSolution
		Debug|Any CPU = Debug|Any CPU
		Release|Any CPU = Release|Any CPU
	EndGlobalSection
	GlobalSection(ProjectConfigurationPlatforms) = postSolution
		{E73F5A1A-55E8-4436-ADE7-E741B2C4954D}.Debug|Any CPU.ActiveCfg = Debug|Any CPU
		{E73F5A1A-55E8-4436-ADE7-E741B2C4954D}.Debug|Any CPU.Build.0 = Debug|Any CPU
		{E73F5A1A-55E8-4436-ADE7-E741B2C4954D}.Release|Any CPU.ActiveCfg = Release|Any CPU
		{E73F5A1A-55E8-4436-ADE7-E741B2C4954D}.Release|Any CPU.Build.0 = Release|Any CPU
		{124394CA-49FC-410D-8312-185869758F74}.Debug|Any CPU.ActiveCfg = Debug|Any CPU
		{124394CA-49FC-410D-8312-185869758F74}.Debug|Any CPU.Build.0 = Debug|Any CPU
		{124394CA-49FC-410D-8312-185869758F74}.Release|Any CPU.ActiveCfg = Release|Any CPU
		{124394CA-49FC-410D-8312-185869758F74}.Release|Any CPU.Build.0 = Release|Any CPU
		{B889BBAD-851E-44B9-9C5F-0FA288109E88}.Debug|Any CPU.ActiveCfg = Debug|Any CPU
		{B889BBAD-851E-44B9-9C5F-0FA288109E88}.Debug|Any CPU.Build.0 = Debug|Any CPU
		{B889BBAD-851E-44B9-9C5F-0FA288109E88}.Release|Any CPU.ActiveCfg = Release|Any CPU
		{B889BBAD-851E-44B9-9C5F-0FA288109E88}.Release|Any CPU.Build.0 = Release|Any CPU
		{E1D88C6E-56B1-4240-8522-4476BEB33F7B}.Debug|Any CPU.ActiveCfg = Debug|Any CPU
		{E1D88C6E-56B1-4240-8522-4476BEB33F7B}.Debug|Any CPU.Build.0 = Debug|Any CPU
		{E1D88C6E-56B1-4240-8522-4476BEB33F7B}.Release|Any CPU.ActiveCfg = Release|Any CPU
		{E1D88C6E-56B1-4240-8522-4476BEB33F7B}.Release|Any CPU.Build.0 = Release|Any CPU
		{733A4837-2DE4-4180-BD48-797A54297FFC}.Debug|Any CPU.ActiveCfg = Debug|Any CPU
		{733A4837-2DE4-4180-BD48-797A54297FFC}.Debug|Any CPU.Build.0 = Debug|Any CPU
		{733A4837-2DE4-4180-BD48-797A54297FFC}.Release|Any CPU.ActiveCfg = Release|Any CPU
		{733A4837-2DE4-4180-BD48-797A54297FFC}.Release|Any CPU.Build.0 = Release|Any CPU
		{BC31A1B5-6A8F-4ABE-A552-F520C0FE7876}.Debug|Any CPU.ActiveCfg = Debug|Any CPU
		{BC31A1B5-6A8F-4ABE-A552-F520C0FE7876}.Debug|Any CPU.Build.0 = Debug|Any CPU
		{BC31A1B5-6A8F-4ABE-A552-F520C0FE7876}.Release|Any CPU.ActiveCfg = Release|Any CPU
		{BC31A1B5-6A8F-4ABE-A552-F520C0FE7876}.Release|Any CPU.Build.0 = Release|Any CPU
		{AC19E8CA-C23F-4DC2-81EB-4FCB5DB764A9}.Debug|Any CPU.ActiveCfg = Debug|Any CPU
		{AC19E8CA-C23F-4DC2-81EB-4FCB5DB764A9}.Debug|Any CPU.Build.0 = Debug|Any CPU
		{AC19E8CA-C23F-4DC2-81EB-4FCB5DB764A9}.Release|Any CPU.ActiveCfg = Release|Any CPU
		{AC19E8CA-C23F-4DC2-81EB-4FCB5DB764A9}.Release|Any CPU.Build.0 = Release|Any CPU
	EndGlobalSection
	GlobalSection(SolutionProperties) = preSolution
		HideSolutionNode = FALSE
	EndGlobalSection
	GlobalSection(ExtensibilityGlobals) = postSolution
		SolutionGuid = {9557ED26-74BB-43D5-BED6-FCC2BED0D0FA}
	EndGlobalSection
	GlobalSection(NestedProjects) = preSolution
		{AC19E8CA-C23F-4DC2-81EB-4FCB5DB764A9} = {D6446DB3-B059-4642-8C97-DBF4AE4EA471}
	EndGlobalSection
EndGlobal
