
Microsoft Visual Studio Solution File, Format Version 12.00
# Visual Studio 15
VisualStudioVersion = 15.0.27428.2015
MinimumVisualStudioVersion = 10.0.40219.1
Project("{9A19103F-16F7-4668-BE54-9A1E7A4F7556}") = "SimpleCRM.App", "SimpleCRM.App\SimpleCRM.App.csproj", "{E73F5A1A-55E8-4436-ADE7-E741B2C4954D}"
EndProject
Project("{9A19103F-16F7-4668-BE54-9A1E7A4F7556}") = "SimpleCRM.Api", "SimpleCRM.Api\SimpleCRM.Api.csproj", "{124394CA-49FC-410D-8312-185869758F74}"
EndProject
Project("{9A19103F-16F7-4668-BE54-9A1E7A4F7556}") = "SimpleCRM.Auth", "SimpleCRM.Auth\SimpleCRM.Auth.csproj", "{B889BBAD-851E-44B9-9C5F-0FA288109E88}"
EndProject
Global
	GlobalSection(SolutionConfigurationPlatforms) = preSolution
		Debug|Any CPU = Debug|Any CPU
		Release|Any CPU = Release|Any CPU
	EndGlobalSection
	GlobalSection(ProjectConfigurationPlatforms) = postSolution
		{E73F5A1A-55E8-4436-ADE7-E741B2C4954D}.Debug|Any CPU.ActiveCfg = Debug|Any CPU
		{E73F5A1A-55E8-4436-ADE7-E741B2C4954D}.Debug|Any CPU.Build.0 = Debug|Any CPU
		{E73F5A1A-55E8-4436-ADE7-E741B2C4954D}.Release|Any CPU.ActiveCfg = Release|Any CPU
		{E73F5A1A-55E8-4436-ADE7-E741B2C4954D}.Release|Any CPU.Build.0 = Release|Any CPU
		{124394CA-49FC-410D-8312-185869758F74}.Debug|Any CPU.ActiveCfg = Debug|Any CPU
		{124394CA-49FC-410D-8312-185869758F74}.Debug|Any CPU.Build.0 = Debug|Any CPU
		{124394CA-49FC-410D-8312-185869758F74}.Release|Any CPU.ActiveCfg = Release|Any CPU
		{124394CA-49FC-410D-8312-185869758F74}.Release|Any CPU.Build.0 = Release|Any CPU
		{B889BBAD-851E-44B9-9C5F-0FA288109E88}.Debug|Any CPU.ActiveCfg = Debug|Any CPU
		{B889BBAD-851E-44B9-9C5F-0FA288109E88}.Debug|Any CPU.Build.0 = Debug|Any CPU
		{B889BBAD-851E-44B9-9C5F-0FA288109E88}.Release|Any CPU.ActiveCfg = Release|Any CPU
		{B889BBAD-851E-44B9-9C5F-0FA288109E88}.Release|Any CPU.Build.0 = Release|Any CPU
	EndGlobalSection
	GlobalSection(SolutionProperties) = preSolution
		HideSolutionNode = FALSE
	EndGlobalSection
	GlobalSection(ExtensibilityGlobals) = postSolution
		SolutionGuid = {9557ED26-74BB-43D5-BED6-FCC2BED0D0FA}
	EndGlobalSection
EndGlobal
