
Microsoft Visual Studio Solution File, Format Version 12.00
# Visual Studio 15
VisualStudioVersion = 15.0.27428.2015
MinimumVisualStudioVersion = 10.0.40219.1
Project("{9A19103F-16F7-4668-BE54-9A1E7A4F7556}") = "SimpleCMS.App", "SimpleCMS.App\SimpleCMS.App.csproj", "{E73F5A1A-55E8-4436-ADE7-E741B2C4954D}"
EndProject
Project("{9A19103F-16F7-4668-BE54-9A1E7A4F7556}") = "SimpleCMS.Api", "SimpleCMS.Api\SimpleCMS.Api.csproj", "{124394CA-49FC-410D-8312-185869758F74}"
EndProject
Project("{9A19103F-16F7-4668-BE54-9A1E7A4F7556}") = "SimpleCMS.Auth", "SimpleCMS.Auth\SimpleCMS.Auth.csproj", "{B889BBAD-851E-44B9-9C5F-0FA288109E88}"
EndProject
Project("{9A19103F-16F7-4668-BE54-9A1E7A4F7556}") = "SimpleCMS.Data", "SimpleCMS.Data\SimpleCMS.Data.csproj", "{E1D88C6E-56B1-4240-8522-4476BEB33F7B}"
EndProject
Project("{9A19103F-16F7-4668-BE54-9A1E7A4F7556}") = "SimpleCMS.Business", "SimpleCMS.Business\SimpleCMS.Business.csproj", "{733A4837-2DE4-4180-BD48-797A54297FFC}"
EndProject
Project("{9A19103F-16F7-4668-BE54-9A1E7A4F7556}") = "SimpleCMS.Common", "SimpleCMS.Common\SimpleCMS.Common.csproj", "{BC31A1B5-6A8F-4ABE-A552-F520C0FE7876}"
EndProject
Project("{2150E333-8FDC-42A3-9474-1A3956D46DE8}") = "SimpleCMS.Tests", "SimpleCMS.Tests", "{D6446DB3-B059-4642-8C97-DBF4AE4EA471}"
EndProject
Project("{9A19103F-16F7-4668-BE54-9A1E7A4F7556}") = "SimpleCMS.Data.Tests", "SimpleCMS.Tests\SimpleCMS.Data.Tests\SimpleCMS.Data.Tests.csproj", "{884002D2-669C-4D29-B9C4-7C46EA0619C6}"
EndProject
Project("{9A19103F-16F7-4668-BE54-9A1E7A4F7556}") = "SimpleCMS.Api.Tests", "SimpleCMS.Tests\SimpleCMS.Api.Tests\SimpleCMS.Api.Tests.csproj", "{4DC024C6-A5D2-45EE-994F-5B84C9E3E293}"
EndProject
Project("{9A19103F-16F7-4668-BE54-9A1E7A4F7556}") = "SimpleCMS.Auth.Tests", "SimpleCMS.Tests\SimpleCMS.Auth.Tests\SimpleCMS.Auth.Tests.csproj", "{A6860244-A2EB-44DB-84EE-D7D601E72CAB}"
EndProject
Project("{FAE04EC0-301F-11D3-BF4B-00C04F79EFBC}") = "SimpleCMS.Domain", "SimpleCMS.Domain\SimpleCMS.Domain.csproj", "{1D264A6A-A86C-4867-8445-27C672320ACB}"
EndProject
Global
	GlobalSection(SolutionConfigurationPlatforms) = preSolution
		Debug|Any CPU = Debug|Any CPU
		Release|Any CPU = Release|Any CPU
	EndGlobalSection
	GlobalSection(ProjectConfigurationPlatforms) = postSolution
		{E73F5A1A-55E8-4436-ADE7-E741B2C4954D}.Debug|Any CPU.ActiveCfg = Debug|Any CPU
		{E73F5A1A-55E8-4436-ADE7-E741B2C4954D}.Debug|Any CPU.Build.0 = Debug|Any CPU
		{E73F5A1A-55E8-4436-ADE7-E741B2C4954D}.Release|Any CPU.ActiveCfg = Release|Any CPU
		{E73F5A1A-55E8-4436-ADE7-E741B2C4954D}.Release|Any CPU.Build.0 = Release|Any CPU
		{124394CA-49FC-410D-8312-185869758F74}.Debug|Any CPU.ActiveCfg = Debug|Any CPU
		{124394CA-49FC-410D-8312-185869758F74}.Debug|Any CPU.Build.0 = Debug|Any CPU
		{124394CA-49FC-410D-8312-185869758F74}.Release|Any CPU.ActiveCfg = Release|Any CPU
		{124394CA-49FC-410D-8312-185869758F74}.Release|Any CPU.Build.0 = Release|Any CPU
		{B889BBAD-851E-44B9-9C5F-0FA288109E88}.Debug|Any CPU.ActiveCfg = Debug|Any CPU
		{B889BBAD-851E-44B9-9C5F-0FA288109E88}.Debug|Any CPU.Build.0 = Debug|Any CPU
		{B889BBAD-851E-44B9-9C5F-0FA288109E88}.Release|Any CPU.ActiveCfg = Release|Any CPU
		{B889BBAD-851E-44B9-9C5F-0FA288109E88}.Release|Any CPU.Build.0 = Release|Any CPU
		{E1D88C6E-56B1-4240-8522-4476BEB33F7B}.Debug|Any CPU.ActiveCfg = Debug|Any CPU
		{E1D88C6E-56B1-4240-8522-4476BEB33F7B}.Debug|Any CPU.Build.0 = Debug|Any CPU
		{E1D88C6E-56B1-4240-8522-4476BEB33F7B}.Release|Any CPU.ActiveCfg = Release|Any CPU
		{E1D88C6E-56B1-4240-8522-4476BEB33F7B}.Release|Any CPU.Build.0 = Release|Any CPU
		{733A4837-2DE4-4180-BD48-797A54297FFC}.Debug|Any CPU.ActiveCfg = Debug|Any CPU
		{733A4837-2DE4-4180-BD48-797A54297FFC}.Debug|Any CPU.Build.0 = Debug|Any CPU
		{733A4837-2DE4-4180-BD48-797A54297FFC}.Release|Any CPU.ActiveCfg = Release|Any CPU
		{733A4837-2DE4-4180-BD48-797A54297FFC}.Release|Any CPU.Build.0 = Release|Any CPU
		{BC31A1B5-6A8F-4ABE-A552-F520C0FE7876}.Debug|Any CPU.ActiveCfg = Debug|Any CPU
		{BC31A1B5-6A8F-4ABE-A552-F520C0FE7876}.Debug|Any CPU.Build.0 = Debug|Any CPU
		{BC31A1B5-6A8F-4ABE-A552-F520C0FE7876}.Release|Any CPU.ActiveCfg = Release|Any CPU
		{BC31A1B5-6A8F-4ABE-A552-F520C0FE7876}.Release|Any CPU.Build.0 = Release|Any CPU
		{884002D2-669C-4D29-B9C4-7C46EA0619C6}.Debug|Any CPU.ActiveCfg = Debug|Any CPU
		{884002D2-669C-4D29-B9C4-7C46EA0619C6}.Debug|Any CPU.Build.0 = Debug|Any CPU
		{884002D2-669C-4D29-B9C4-7C46EA0619C6}.Release|Any CPU.ActiveCfg = Release|Any CPU
		{884002D2-669C-4D29-B9C4-7C46EA0619C6}.Release|Any CPU.Build.0 = Release|Any CPU
		{4DC024C6-A5D2-45EE-994F-5B84C9E3E293}.Debug|Any CPU.ActiveCfg = Debug|Any CPU
		{4DC024C6-A5D2-45EE-994F-5B84C9E3E293}.Debug|Any CPU.Build.0 = Debug|Any CPU
		{4DC024C6-A5D2-45EE-994F-5B84C9E3E293}.Release|Any CPU.ActiveCfg = Release|Any CPU
		{4DC024C6-A5D2-45EE-994F-5B84C9E3E293}.Release|Any CPU.Build.0 = Release|Any CPU
		{A6860244-A2EB-44DB-84EE-D7D601E72CAB}.Debug|Any CPU.ActiveCfg = Debug|Any CPU
		{A6860244-A2EB-44DB-84EE-D7D601E72CAB}.Debug|Any CPU.Build.0 = Debug|Any CPU
		{A6860244-A2EB-44DB-84EE-D7D601E72CAB}.Release|Any CPU.ActiveCfg = Release|Any CPU
		{A6860244-A2EB-44DB-84EE-D7D601E72CAB}.Release|Any CPU.Build.0 = Release|Any CPU
		{1D264A6A-A86C-4867-8445-27C672320ACB}.Debug|Any CPU.ActiveCfg = Debug|Any CPU
		{1D264A6A-A86C-4867-8445-27C672320ACB}.Debug|Any CPU.Build.0 = Debug|Any CPU
		{1D264A6A-A86C-4867-8445-27C672320ACB}.Release|Any CPU.ActiveCfg = Release|Any CPU
		{1D264A6A-A86C-4867-8445-27C672320ACB}.Release|Any CPU.Build.0 = Release|Any CPU
	EndGlobalSection
	GlobalSection(SolutionProperties) = preSolution
		HideSolutionNode = FALSE
	EndGlobalSection
	GlobalSection(NestedProjects) = preSolution
		{884002D2-669C-4D29-B9C4-7C46EA0619C6} = {D6446DB3-B059-4642-8C97-DBF4AE4EA471}
		{4DC024C6-A5D2-45EE-994F-5B84C9E3E293} = {D6446DB3-B059-4642-8C97-DBF4AE4EA471}
		{A6860244-A2EB-44DB-84EE-D7D601E72CAB} = {D6446DB3-B059-4642-8C97-DBF4AE4EA471}
	EndGlobalSection
	GlobalSection(ExtensibilityGlobals) = postSolution
		SolutionGuid = {9557ED26-74BB-43D5-BED6-FCC2BED0D0FA}
	EndGlobalSection
EndGlobal
